
Microsoft Visual Studio Solution File, Format Version 12.00
# Visual Studio Version 16
VisualStudioVersion = 16.0.31911.196
MinimumVisualStudioVersion = 10.0.40219.1
Project("{FAE04EC0-301F-11D3-BF4B-00C04F79EFBC}") = "AutoSkill", "AutoSkill.csproj", "{F83C6ACF-9C5D-4B57-AEB4-83FEE47393E6}"
EndProject
Global
	GlobalSection(SolutionConfigurationPlatforms) = preSolution
		Debug|Any CPU = Debug|Any CPU
		Release|Any CPU = Release|Any CPU
	EndGlobalSection
	GlobalSection(ProjectConfigurationPlatforms) = postSolution
		{F83C6ACF-9C5D-4B57-AEB4-83FEE47393E6}.Debug|Any CPU.ActiveCfg = Debug|Any CPU
		{F83C6ACF-9C5D-4B57-AEB4-83FEE47393E6}.Debug|Any CPU.Build.0 = Debug|Any CPU
		{F83C6ACF-9C5D-4B57-AEB4-83FEE47393E6}.Release|Any CPU.ActiveCfg = Release|Any CPU
		{F83C6ACF-9C5D-4B57-AEB4-83FEE47393E6}.Release|Any CPU.Build.0 = Release|Any CPU
	EndGlobalSection
	GlobalSection(SolutionProperties) = preSolution
		HideSolutionNode = FALSE
	EndGlobalSection
	GlobalSection(ExtensibilityGlobals) = postSolution
		SolutionGuid = {BB21F844-685B-4CC3-94F8-68B644D7A5F3}
	EndGlobalSection
EndGlobal
